
Microsoft Visual Studio Solution File, Format Version 12.00
# Visual Studio 15
VisualStudioVersion = 15.0.28307.779
MinimumVisualStudioVersion = 10.0.40219.1
Project("{FAE04EC0-301F-11D3-BF4B-00C04F79EFBC}") = "WebShop.Contract.Tests", "WebShop.Contract.Tests\WebShop.Contract.Tests.csproj", "{72F0DA32-52D1-4D77-B7F5-0895E7A1D138}"
EndProject
Project("{FAE04EC0-301F-11D3-BF4B-00C04F79EFBC}") = "WebShop.Api.Tests", "WebShop.Api.Tests\WebShop.Api.Tests.csproj", "{16E963FA-867B-44D2-A046-F5DB8360216D}"
EndProject
Project("{2150E333-8FDC-42A3-9474-1A3956D46DE8}") = "Dependencies", "Dependencies", "{C5077C66-48A1-4E74-A303-452D6EA0E435}"
EndProject
Project("{FAE04EC0-301F-11D3-BF4B-00C04F79EFBC}") = "WebShop.Ui", "Dependencies\WebShop.Ui\WebShop.Ui.csproj", "{E578F0F6-C4BB-41F4-80AA-9626FABB1E8B}"
EndProject
Project("{FAE04EC0-301F-11D3-BF4B-00C04F79EFBC}") = "WebShop.Api", "Dependencies\WebShop.Api\WebShop.Api.csproj", "{632B5F82-AD17-47E9-A898-56077F9D589E}"
EndProject
Project("{FAE04EC0-301F-11D3-BF4B-00C04F79EFBC}") = "WebShop.E2E.Tests", "WebShop.E2E.Tests\WebShop.E2E.Tests.csproj", "{833B68F9-83C4-4DF8-94C8-E4D49BB773E7}"
EndProject
Global
	GlobalSection(SolutionConfigurationPlatforms) = preSolution
		Debug|Any CPU = Debug|Any CPU
		Release|Any CPU = Release|Any CPU
	EndGlobalSection
	GlobalSection(ProjectConfigurationPlatforms) = postSolution
		{72F0DA32-52D1-4D77-B7F5-0895E7A1D138}.Debug|Any CPU.ActiveCfg = Debug|Any CPU
		{72F0DA32-52D1-4D77-B7F5-0895E7A1D138}.Debug|Any CPU.Build.0 = Debug|Any CPU
		{72F0DA32-52D1-4D77-B7F5-0895E7A1D138}.Release|Any CPU.ActiveCfg = Release|Any CPU
		{72F0DA32-52D1-4D77-B7F5-0895E7A1D138}.Release|Any CPU.Build.0 = Release|Any CPU
		{16E963FA-867B-44D2-A046-F5DB8360216D}.Debug|Any CPU.ActiveCfg = Debug|Any CPU
		{16E963FA-867B-44D2-A046-F5DB8360216D}.Debug|Any CPU.Build.0 = Debug|Any CPU
		{16E963FA-867B-44D2-A046-F5DB8360216D}.Release|Any CPU.ActiveCfg = Release|Any CPU
		{16E963FA-867B-44D2-A046-F5DB8360216D}.Release|Any CPU.Build.0 = Release|Any CPU
		{E578F0F6-C4BB-41F4-80AA-9626FABB1E8B}.Debug|Any CPU.ActiveCfg = Debug|Any CPU
		{E578F0F6-C4BB-41F4-80AA-9626FABB1E8B}.Debug|Any CPU.Build.0 = Debug|Any CPU
		{E578F0F6-C4BB-41F4-80AA-9626FABB1E8B}.Release|Any CPU.ActiveCfg = Release|Any CPU
		{E578F0F6-C4BB-41F4-80AA-9626FABB1E8B}.Release|Any CPU.Build.0 = Release|Any CPU
		{632B5F82-AD17-47E9-A898-56077F9D589E}.Debug|Any CPU.ActiveCfg = Debug|Any CPU
		{632B5F82-AD17-47E9-A898-56077F9D589E}.Debug|Any CPU.Build.0 = Debug|Any CPU
		{632B5F82-AD17-47E9-A898-56077F9D589E}.Release|Any CPU.ActiveCfg = Release|Any CPU
		{632B5F82-AD17-47E9-A898-56077F9D589E}.Release|Any CPU.Build.0 = Release|Any CPU
		{833B68F9-83C4-4DF8-94C8-E4D49BB773E7}.Debug|Any CPU.ActiveCfg = Debug|Any CPU
		{833B68F9-83C4-4DF8-94C8-E4D49BB773E7}.Debug|Any CPU.Build.0 = Debug|Any CPU
		{833B68F9-83C4-4DF8-94C8-E4D49BB773E7}.Release|Any CPU.ActiveCfg = Release|Any CPU
		{833B68F9-83C4-4DF8-94C8-E4D49BB773E7}.Release|Any CPU.Build.0 = Release|Any CPU
	EndGlobalSection
	GlobalSection(SolutionProperties) = preSolution
		HideSolutionNode = FALSE
	EndGlobalSection
	GlobalSection(NestedProjects) = preSolution
		{E578F0F6-C4BB-41F4-80AA-9626FABB1E8B} = {C5077C66-48A1-4E74-A303-452D6EA0E435}
		{632B5F82-AD17-47E9-A898-56077F9D589E} = {C5077C66-48A1-4E74-A303-452D6EA0E435}
	EndGlobalSection
	GlobalSection(ExtensibilityGlobals) = postSolution
		SolutionGuid = {896A2EFD-C43C-4DB8-B060-805262D11050}
	EndGlobalSection
EndGlobal
